
Microsoft Visual Studio Solution File, Format Version 12.00
# Visual Studio Version 16
VisualStudioVersion = 16.0.31321.278
MinimumVisualStudioVersion = 10.0.40219.1
Project("{9A19103F-16F7-4668-BE54-9A1E7A4F7556}") = "WPFUI", "WPFUI.csproj", "{004E103D-926C-4936-91D1-4B5B4778D732}"
EndProject
Project("{9A19103F-16F7-4668-BE54-9A1E7A4F7556}") = "Engine", "..\Engine\Engine.csproj", "{BAD41098-877A-4F87-897D-91005BA2076B}"
EndProject
Project("{FAE04EC0-301F-11D3-BF4B-00C04F79EFBC}") = "EngineTests", "..\EngineTests\EngineTests.csproj", "{175B2243-123A-4A99-A4A2-689CA14947BB}"
EndProject
Global
	GlobalSection(SolutionConfigurationPlatforms) = preSolution
		Debug|Any CPU = Debug|Any CPU
		Release|Any CPU = Release|Any CPU
	EndGlobalSection
	GlobalSection(ProjectConfigurationPlatforms) = postSolution
		{004E103D-926C-4936-91D1-4B5B4778D732}.Debug|Any CPU.ActiveCfg = Debug|Any CPU
		{004E103D-926C-4936-91D1-4B5B4778D732}.Debug|Any CPU.Build.0 = Debug|Any CPU
		{004E103D-926C-4936-91D1-4B5B4778D732}.Release|Any CPU.ActiveCfg = Release|Any CPU
		{004E103D-926C-4936-91D1-4B5B4778D732}.Release|Any CPU.Build.0 = Release|Any CPU
		{BAD41098-877A-4F87-897D-91005BA2076B}.Debug|Any CPU.ActiveCfg = Debug|Any CPU
		{BAD41098-877A-4F87-897D-91005BA2076B}.Debug|Any CPU.Build.0 = Debug|Any CPU
		{BAD41098-877A-4F87-897D-91005BA2076B}.Release|Any CPU.ActiveCfg = Release|Any CPU
		{BAD41098-877A-4F87-897D-91005BA2076B}.Release|Any CPU.Build.0 = Release|Any CPU
		{175B2243-123A-4A99-A4A2-689CA14947BB}.Debug|Any CPU.ActiveCfg = Debug|Any CPU
		{175B2243-123A-4A99-A4A2-689CA14947BB}.Debug|Any CPU.Build.0 = Debug|Any CPU
		{175B2243-123A-4A99-A4A2-689CA14947BB}.Release|Any CPU.ActiveCfg = Release|Any CPU
		{175B2243-123A-4A99-A4A2-689CA14947BB}.Release|Any CPU.Build.0 = Release|Any CPU
	EndGlobalSection
	GlobalSection(SolutionProperties) = preSolution
		HideSolutionNode = FALSE
	EndGlobalSection
	GlobalSection(ExtensibilityGlobals) = postSolution
		SolutionGuid = {258C7D29-5F43-43B1-A7EA-1C995DE96EF3}
	EndGlobalSection
EndGlobal
